
Microsoft Visual Studio Solution File, Format Version 12.00
# Visual Studio 2013
VisualStudioVersion = 12.0.21005.1
MinimumVisualStudioVersion = 10.0.40219.1
Project("{FAE04EC0-301F-11D3-BF4B-00C04F79EFBC}") = "MonoDroid.ActionBarPullToRefresh", "MonoDroid.ActionBarPullToRefresh\MonoDroid.ActionBarPullToRefresh.csproj", "{A9175D52-9729-42CA-877C-C348548DD7E7}"
EndProject
Project("{FAE04EC0-301F-11D3-BF4B-00C04F79EFBC}") = "ActionBarPullToRefreshDemo", "ActionBarPullToRefreshDemo\ActionBarPullToRefreshDemo.csproj", "{48A95650-BEFB-4276-9584-C5828782AEE8}"
EndProject
Global
	GlobalSection(SolutionConfigurationPlatforms) = preSolution
		Debug|Any CPU = Debug|Any CPU
		Release|Any CPU = Release|Any CPU
	EndGlobalSection
	GlobalSection(ProjectConfigurationPlatforms) = postSolution
		{A9175D52-9729-42CA-877C-C348548DD7E7}.Debug|Any CPU.ActiveCfg = Debug|Any CPU
		{A9175D52-9729-42CA-877C-C348548DD7E7}.Debug|Any CPU.Build.0 = Debug|Any CPU
		{A9175D52-9729-42CA-877C-C348548DD7E7}.Release|Any CPU.ActiveCfg = Release|Any CPU
		{A9175D52-9729-42CA-877C-C348548DD7E7}.Release|Any CPU.Build.0 = Release|Any CPU
		{48A95650-BEFB-4276-9584-C5828782AEE8}.Debug|Any CPU.ActiveCfg = Debug|Any CPU
		{48A95650-BEFB-4276-9584-C5828782AEE8}.Debug|Any CPU.Build.0 = Debug|Any CPU
		{48A95650-BEFB-4276-9584-C5828782AEE8}.Debug|Any CPU.Deploy.0 = Debug|Any CPU
		{48A95650-BEFB-4276-9584-C5828782AEE8}.Release|Any CPU.ActiveCfg = Release|Any CPU
		{48A95650-BEFB-4276-9584-C5828782AEE8}.Release|Any CPU.Build.0 = Release|Any CPU
		{48A95650-BEFB-4276-9584-C5828782AEE8}.Release|Any CPU.Deploy.0 = Release|Any CPU
	EndGlobalSection
	GlobalSection(SolutionProperties) = preSolution
		HideSolutionNode = FALSE
	EndGlobalSection
EndGlobal
